// !$*UTF8*$!
{
	archiveVersion = 1;
	classes = {
	};
	objectVersion = 55;
	objects = {

/* Begin PBXBuildFile section */
		8934A345294ABDBE008CEACA /* Extensions.swift in Sources */ = {isa = PBXBuildFile; fileRef = 8934A344294ABDBE008CEACA /* Extensions.swift */; };
		8934A347294ABDE8008CEACA /* StatisticsGraph.swift in Sources */ = {isa = PBXBuildFile; fileRef = 8934A346294ABDE8008CEACA /* StatisticsGraph.swift */; };
		8934A34A294ABE31008CEACA /* DynamicFilteredView.swift in Sources */ = {isa = PBXBuildFile; fileRef = 8934A349294ABE31008CEACA /* DynamicFilteredView.swift */; };
		8934A34C294ABE5A008CEACA /* Home.swift in Sources */ = {isa = PBXBuildFile; fileRef = 8934A34B294ABE5A008CEACA /* Home.swift */; };
		8934A34E294ABE7C008CEACA /* ExpenseCardView.swift in Sources */ = {isa = PBXBuildFile; fileRef = 8934A34D294ABE7C008CEACA /* ExpenseCardView.swift */; };
		8934A350294ABEE7008CEACA /* TransactionCard.swift in Sources */ = {isa = PBXBuildFile; fileRef = 8934A34F294ABEE7008CEACA /* TransactionCard.swift */; };
		8934A352294ABF0E008CEACA /* FilterableTransactionView.swift in Sources */ = {isa = PBXBuildFile; fileRef = 8934A351294ABF0E008CEACA /* FilterableTransactionView.swift */; };
		8934A354294ABF2A008CEACA /* HistoryView.swift in Sources */ = {isa = PBXBuildFile; fileRef = 8934A353294ABF2A008CEACA /* HistoryView.swift */; };
		8934A356294ABFB5008CEACA /* MainView.swift in Sources */ = {isa = PBXBuildFile; fileRef = 8934A355294ABFB5008CEACA /* MainView.swift */; };
		8934A358294AC00C008CEACA /* Persistence.swift in Sources */ = {isa = PBXBuildFile; fileRef = 8934A357294AC00C008CEACA /* Persistence.swift */; };
		8934A35A294AC0F7008CEACA /* ExpenseViewModel.swift in Sources */ = {isa = PBXBuildFile; fileRef = 8934A359294AC0F7008CEACA /* ExpenseViewModel.swift */; };
		8934A35C294AC11B008CEACA /* LockViewModel.swift in Sources */ = {isa = PBXBuildFile; fileRef = 8934A35B294AC11B008CEACA /* LockViewModel.swift */; };
		8934A362294ACC74008CEACA /* MyExpenses.xcdatamodeld in Sources */ = {isa = PBXBuildFile; fileRef = 8934A360294ACC74008CEACA /* MyExpenses.xcdatamodeld */; };
		8947FE53294AA2A4003F8A0C /* QuizzesView.swift in Sources */ = {isa = PBXBuildFile; fileRef = 8947FE52294AA2A4003F8A0C /* QuizzesView.swift */; };
		8947FE55294AA3E7003F8A0C /* QuizItem.swift in Sources */ = {isa = PBXBuildFile; fileRef = 8947FE54294AA3E7003F8A0C /* QuizItem.swift */; };
		89F41A41294A2ADA00A7BED8 /* side_project_chloeApp.swift in Sources */ = {isa = PBXBuildFile; fileRef = 89F41A40294A2ADA00A7BED8 /* side_project_chloeApp.swift */; };
		89F41A43294A2ADA00A7BED8 /* ContentView.swift in Sources */ = {isa = PBXBuildFile; fileRef = 89F41A42294A2ADA00A7BED8 /* ContentView.swift */; };
		89F41A45294A2ADC00A7BED8 /* Assets.xcassets in Resources */ = {isa = PBXBuildFile; fileRef = 89F41A44294A2ADC00A7BED8 /* Assets.xcassets */; };
		89F41A48294A2ADC00A7BED8 /* Preview Assets.xcassets in Resources */ = {isa = PBXBuildFile; fileRef = 89F41A47294A2ADC00A7BED8 /* Preview Assets.xcassets */; };
		89F41A51294A2EFF00A7BED8 /* Model.swift in Sources */ = {isa = PBXBuildFile; fileRef = 89F41A50294A2EFF00A7BED8 /* Model.swift */; };
		89F41A53294A2F9E00A7BED8 /* Tab.swift in Sources */ = {isa = PBXBuildFile; fileRef = 89F41A52294A2F9E00A7BED8 /* Tab.swift */; };
		89F41A55294A30BE00A7BED8 /* NavigationBar.swift in Sources */ = {isa = PBXBuildFile; fileRef = 89F41A54294A30BE00A7BED8 /* NavigationBar.swift */; };
		89F41A57294A317F00A7BED8 /* AnimatableFontModifier.swift in Sources */ = {isa = PBXBuildFile; fileRef = 89F41A56294A317F00A7BED8 /* AnimatableFontModifier.swift */; };
		89F41A59294A31EB00A7BED8 /* Avatar.swift in Sources */ = {isa = PBXBuildFile; fileRef = 89F41A58294A31EB00A7BED8 /* Avatar.swift */; };
		89F41A5B294A324E00A7BED8 /* Modifiers.swift in Sources */ = {isa = PBXBuildFile; fileRef = 89F41A5A294A324E00A7BED8 /* Modifiers.swift */; };
		89F41A5D294A346400A7BED8 /* TabBar.swift in Sources */ = {isa = PBXBuildFile; fileRef = 89F41A5C294A346400A7BED8 /* TabBar.swift */; };
		89F41A5F294A349900A7BED8 /* AccountView.swift in Sources */ = {isa = PBXBuildFile; fileRef = 89F41A5E294A349900A7BED8 /* AccountView.swift */; };
		89F41A61294A366500A7BED8 /* ModalView.swift in Sources */ = {isa = PBXBuildFile; fileRef = 89F41A60294A366500A7BED8 /* ModalView.swift */; };
		89F41A67294A375900A7BED8 /* HomeView.swift in Sources */ = {isa = PBXBuildFile; fileRef = 89F41A66294A375900A7BED8 /* HomeView.swift */; };
		89F41A69294A378E00A7BED8 /* LearnView.swift in Sources */ = {isa = PBXBuildFile; fileRef = 89F41A68294A378E00A7BED8 /* LearnView.swift */; };
		89F41A6B294A37EB00A7BED8 /* NotificationsView.swift in Sources */ = {isa = PBXBuildFile; fileRef = 89F41A6A294A37EB00A7BED8 /* NotificationsView.swift */; };
		89F41A6D294A381B00A7BED8 /* ProfileView.swift in Sources */ = {isa = PBXBuildFile; fileRef = 89F41A6C294A381B00A7BED8 /* ProfileView.swift */; };
		89F41A71294A38C500A7BED8 /* CourseView.swift in Sources */ = {isa = PBXBuildFile; fileRef = 89F41A70294A38C500A7BED8 /* CourseView.swift */; };
		89F41A75294A390C00A7BED8 /* SectionView.swift in Sources */ = {isa = PBXBuildFile; fileRef = 89F41A74294A390C00A7BED8 /* SectionView.swift */; };
		89F41A77294A394E00A7BED8 /* SignupView.swift in Sources */ = {isa = PBXBuildFile; fileRef = 89F41A76294A394E00A7BED8 /* SignupView.swift */; };
		89F41A79294A396E00A7BED8 /* SigninView.swift in Sources */ = {isa = PBXBuildFile; fileRef = 89F41A78294A396E00A7BED8 /* SigninView.swift */; };
		89F41A7B294A39C400A7BED8 /* FeaturedItem.swift in Sources */ = {isa = PBXBuildFile; fileRef = 89F41A7A294A39C400A7BED8 /* FeaturedItem.swift */; };
		89F41A7D294A39F100A7BED8 /* CourseItem.swift in Sources */ = {isa = PBXBuildFile; fileRef = 89F41A7C294A39F100A7BED8 /* CourseItem.swift */; };
		89F41A81294A3A5D00A7BED8 /* AngularButton.swift in Sources */ = {isa = PBXBuildFile; fileRef = 89F41A80294A3A5D00A7BED8 /* AngularButton.swift */; };
		89F41A83294A3A8D00A7BED8 /* CloseButton.swift in Sources */ = {isa = PBXBuildFile; fileRef = 89F41A82294A3A8D00A7BED8 /* CloseButton.swift */; };
		89F41A85294A3AF500A7BED8 /* Course.swift in Sources */ = {isa = PBXBuildFile; fileRef = 89F41A84294A3AF500A7BED8 /* Course.swift */; };
		89F41A87294A3B4800A7BED8 /* PreferenceKey.swift in Sources */ = {isa = PBXBuildFile; fileRef = 89F41A86294A3B4800A7BED8 /* PreferenceKey.swift */; };
		89F41A89294A3B7000A7BED8 /* Animations.swift in Sources */ = {isa = PBXBuildFile; fileRef = 89F41A88294A3B7000A7BED8 /* Animations.swift */; };
		89F41A8B294A3B9700A7BED8 /* CustomFieldModifier.swift in Sources */ = {isa = PBXBuildFile; fileRef = 89F41A8A294A3B9700A7BED8 /* CustomFieldModifier.swift */; };
		89F41A8D294A3BB900A7BED8 /* TextModifier.swift in Sources */ = {isa = PBXBuildFile; fileRef = 89F41A8C294A3BB900A7BED8 /* TextModifier.swift */; };
		89F41A8F294A3BD700A7BED8 /* ColorExtension.swift in Sources */ = {isa = PBXBuildFile; fileRef = 89F41A8E294A3BD700A7BED8 /* ColorExtension.swift */; };
		89F41A91294A3C2400A7BED8 /* SmallCourseItem.swift in Sources */ = {isa = PBXBuildFile; fileRef = 89F41A90294A3C2400A7BED8 /* SmallCourseItem.swift */; };
		89F41A93294A3C5600A7BED8 /* CourseSection.swift in Sources */ = {isa = PBXBuildFile; fileRef = 89F41A92294A3C5600A7BED8 /* CourseSection.swift */; };
		89F41A95294A429400A7BED8 /* QuizView.swift in Sources */ = {isa = PBXBuildFile; fileRef = 89F41A94294A429400A7BED8 /* QuizView.swift */; };
		89F41A97294A45FF00A7BED8 /* QuizModel.swift in Sources */ = {isa = PBXBuildFile; fileRef = 89F41A96294A45FF00A7BED8 /* QuizModel.swift */; };
		89F41A99294A464B00A7BED8 /* QuizGame.swift in Sources */ = {isa = PBXBuildFile; fileRef = 89F41A98294A464B00A7BED8 /* QuizGame.swift */; };
		89F41A9B294A48C300A7BED8 /* QuizGrid.swift in Sources */ = {isa = PBXBuildFile; fileRef = 89F41A9A294A48C300A7BED8 /* QuizGrid.swift */; };
		89F41A9D294A4DEA00A7BED8 /* FinishedQuiz.swift in Sources */ = {isa = PBXBuildFile; fileRef = 89F41A9C294A4DEA00A7BED8 /* FinishedQuiz.swift */; };
		89F41A9F294A4E3700A7BED8 /* QuizText.swift in Sources */ = {isa = PBXBuildFile; fileRef = 89F41A9E294A4E3700A7BED8 /* QuizText.swift */; };
/* End PBXBuildFile section */

/* Begin PBXFileReference section */
		8934A344294ABDBE008CEACA /* Extensions.swift */ = {isa = PBXFileReference; lastKnownFileType = sourcecode.swift; path = Extensions.swift; sourceTree = "<group>"; };
		8934A346294ABDE8008CEACA /* StatisticsGraph.swift */ = {isa = PBXFileReference; lastKnownFileType = sourcecode.swift; path = StatisticsGraph.swift; sourceTree = "<group>"; };
		8934A349294ABE31008CEACA /* DynamicFilteredView.swift */ = {isa = PBXFileReference; lastKnownFileType = sourcecode.swift; path = DynamicFilteredView.swift; sourceTree = "<group>"; };
		8934A34B294ABE5A008CEACA /* Home.swift */ = {isa = PBXFileReference; lastKnownFileType = sourcecode.swift; path = Home.swift; sourceTree = "<group>"; };
		8934A34D294ABE7C008CEACA /* ExpenseCardView.swift */ = {isa = PBXFileReference; lastKnownFileType = sourcecode.swift; path = ExpenseCardView.swift; sourceTree = "<group>"; };
		8934A34F294ABEE7008CEACA /* TransactionCard.swift */ = {isa = PBXFileReference; lastKnownFileType = sourcecode.swift; path = TransactionCard.swift; sourceTree = "<group>"; };
		8934A351294ABF0E008CEACA /* FilterableTransactionView.swift */ = {isa = PBXFileReference; lastKnownFileType = sourcecode.swift; path = FilterableTransactionView.swift; sourceTree = "<group>"; };
		8934A353294ABF2A008CEACA /* HistoryView.swift */ = {isa = PBXFileReference; lastKnownFileType = sourcecode.swift; path = HistoryView.swift; sourceTree = "<group>"; };
		8934A355294ABFB5008CEACA /* MainView.swift */ = {isa = PBXFileReference; lastKnownFileType = sourcecode.swift; path = MainView.swift; sourceTree = "<group>"; };
		8934A357294AC00C008CEACA /* Persistence.swift */ = {isa = PBXFileReference; lastKnownFileType = sourcecode.swift; path = Persistence.swift; sourceTree = "<group>"; };
		8934A359294AC0F7008CEACA /* ExpenseViewModel.swift */ = {isa = PBXFileReference; lastKnownFileType = sourcecode.swift; path = ExpenseViewModel.swift; sourceTree = "<group>"; };
		8934A35B294AC11B008CEACA /* LockViewModel.swift */ = {isa = PBXFileReference; lastKnownFileType = sourcecode.swift; path = LockViewModel.swift; sourceTree = "<group>"; };
		8934A361294ACC74008CEACA /* MyExpenses.xcdatamodel */ = {isa = PBXFileReference; lastKnownFileType = wrapper.xcdatamodel; path = MyExpenses.xcdatamodel; sourceTree = "<group>"; };
		8947FE52294AA2A4003F8A0C /* QuizzesView.swift */ = {isa = PBXFileReference; lastKnownFileType = sourcecode.swift; path = QuizzesView.swift; sourceTree = "<group>"; };
		8947FE54294AA3E7003F8A0C /* QuizItem.swift */ = {isa = PBXFileReference; fileEncoding = 4; lastKnownFileType = sourcecode.swift; path = QuizItem.swift; sourceTree = "<group>"; };
		89F41A3D294A2ADA00A7BED8 /* side-project-chloe.app */ = {isa = PBXFileReference; explicitFileType = wrapper.application; includeInIndex = 0; path = "side-project-chloe.app"; sourceTree = BUILT_PRODUCTS_DIR; };
		89F41A40294A2ADA00A7BED8 /* side_project_chloeApp.swift */ = {isa = PBXFileReference; lastKnownFileType = sourcecode.swift; path = side_project_chloeApp.swift; sourceTree = "<group>"; };
		89F41A42294A2ADA00A7BED8 /* ContentView.swift */ = {isa = PBXFileReference; lastKnownFileType = sourcecode.swift; path = ContentView.swift; sourceTree = "<group>"; };
		89F41A44294A2ADC00A7BED8 /* Assets.xcassets */ = {isa = PBXFileReference; lastKnownFileType = folder.assetcatalog; path = Assets.xcassets; sourceTree = "<group>"; };
		89F41A47294A2ADC00A7BED8 /* Preview Assets.xcassets */ = {isa = PBXFileReference; lastKnownFileType = folder.assetcatalog; path = "Preview Assets.xcassets"; sourceTree = "<group>"; };
		89F41A50294A2EFF00A7BED8 /* Model.swift */ = {isa = PBXFileReference; lastKnownFileType = sourcecode.swift; path = Model.swift; sourceTree = "<group>"; };
		89F41A52294A2F9E00A7BED8 /* Tab.swift */ = {isa = PBXFileReference; lastKnownFileType = sourcecode.swift; path = Tab.swift; sourceTree = "<group>"; };
		89F41A54294A30BE00A7BED8 /* NavigationBar.swift */ = {isa = PBXFileReference; lastKnownFileType = sourcecode.swift; path = NavigationBar.swift; sourceTree = "<group>"; };
		89F41A56294A317F00A7BED8 /* AnimatableFontModifier.swift */ = {isa = PBXFileReference; lastKnownFileType = sourcecode.swift; path = AnimatableFontModifier.swift; sourceTree = "<group>"; };
		89F41A58294A31EB00A7BED8 /* Avatar.swift */ = {isa = PBXFileReference; lastKnownFileType = sourcecode.swift; path = Avatar.swift; sourceTree = "<group>"; };
		89F41A5A294A324E00A7BED8 /* Modifiers.swift */ = {isa = PBXFileReference; lastKnownFileType = sourcecode.swift; path = Modifiers.swift; sourceTree = "<group>"; };
		89F41A5C294A346400A7BED8 /* TabBar.swift */ = {isa = PBXFileReference; lastKnownFileType = sourcecode.swift; path = TabBar.swift; sourceTree = "<group>"; };
		89F41A5E294A349900A7BED8 /* AccountView.swift */ = {isa = PBXFileReference; lastKnownFileType = sourcecode.swift; path = AccountView.swift; sourceTree = "<group>"; };
		89F41A60294A366500A7BED8 /* ModalView.swift */ = {isa = PBXFileReference; lastKnownFileType = sourcecode.swift; path = ModalView.swift; sourceTree = "<group>"; };
		89F41A66294A375900A7BED8 /* HomeView.swift */ = {isa = PBXFileReference; lastKnownFileType = sourcecode.swift; path = HomeView.swift; sourceTree = "<group>"; };
		89F41A68294A378E00A7BED8 /* LearnView.swift */ = {isa = PBXFileReference; lastKnownFileType = sourcecode.swift; path = LearnView.swift; sourceTree = "<group>"; };
		89F41A6A294A37EB00A7BED8 /* NotificationsView.swift */ = {isa = PBXFileReference; lastKnownFileType = sourcecode.swift; path = NotificationsView.swift; sourceTree = "<group>"; };
		89F41A6C294A381B00A7BED8 /* ProfileView.swift */ = {isa = PBXFileReference; lastKnownFileType = sourcecode.swift; path = ProfileView.swift; sourceTree = "<group>"; };
		89F41A70294A38C500A7BED8 /* CourseView.swift */ = {isa = PBXFileReference; lastKnownFileType = sourcecode.swift; path = CourseView.swift; sourceTree = "<group>"; };
		89F41A74294A390C00A7BED8 /* SectionView.swift */ = {isa = PBXFileReference; lastKnownFileType = sourcecode.swift; path = SectionView.swift; sourceTree = "<group>"; };
		89F41A76294A394E00A7BED8 /* SignupView.swift */ = {isa = PBXFileReference; lastKnownFileType = sourcecode.swift; path = SignupView.swift; sourceTree = "<group>"; };
		89F41A78294A396E00A7BED8 /* SigninView.swift */ = {isa = PBXFileReference; lastKnownFileType = sourcecode.swift; path = SigninView.swift; sourceTree = "<group>"; };
		89F41A7A294A39C400A7BED8 /* FeaturedItem.swift */ = {isa = PBXFileReference; lastKnownFileType = sourcecode.swift; path = FeaturedItem.swift; sourceTree = "<group>"; };
		89F41A7C294A39F100A7BED8 /* CourseItem.swift */ = {isa = PBXFileReference; lastKnownFileType = sourcecode.swift; path = CourseItem.swift; sourceTree = "<group>"; };
		89F41A80294A3A5D00A7BED8 /* AngularButton.swift */ = {isa = PBXFileReference; lastKnownFileType = sourcecode.swift; path = AngularButton.swift; sourceTree = "<group>"; };
		89F41A82294A3A8D00A7BED8 /* CloseButton.swift */ = {isa = PBXFileReference; lastKnownFileType = sourcecode.swift; path = CloseButton.swift; sourceTree = "<group>"; };
		89F41A84294A3AF500A7BED8 /* Course.swift */ = {isa = PBXFileReference; lastKnownFileType = sourcecode.swift; path = Course.swift; sourceTree = "<group>"; };
		89F41A86294A3B4800A7BED8 /* PreferenceKey.swift */ = {isa = PBXFileReference; lastKnownFileType = sourcecode.swift; path = PreferenceKey.swift; sourceTree = "<group>"; };
		89F41A88294A3B7000A7BED8 /* Animations.swift */ = {isa = PBXFileReference; lastKnownFileType = sourcecode.swift; path = Animations.swift; sourceTree = "<group>"; };
		89F41A8A294A3B9700A7BED8 /* CustomFieldModifier.swift */ = {isa = PBXFileReference; lastKnownFileType = sourcecode.swift; path = CustomFieldModifier.swift; sourceTree = "<group>"; };
		89F41A8C294A3BB900A7BED8 /* TextModifier.swift */ = {isa = PBXFileReference; lastKnownFileType = sourcecode.swift; path = TextModifier.swift; sourceTree = "<group>"; };
		89F41A8E294A3BD700A7BED8 /* ColorExtension.swift */ = {isa = PBXFileReference; lastKnownFileType = sourcecode.swift; path = ColorExtension.swift; sourceTree = "<group>"; };
		89F41A90294A3C2400A7BED8 /* SmallCourseItem.swift */ = {isa = PBXFileReference; lastKnownFileType = sourcecode.swift; path = SmallCourseItem.swift; sourceTree = "<group>"; };
		89F41A92294A3C5600A7BED8 /* CourseSection.swift */ = {isa = PBXFileReference; lastKnownFileType = sourcecode.swift; path = CourseSection.swift; sourceTree = "<group>"; };
		89F41A94294A429400A7BED8 /* QuizView.swift */ = {isa = PBXFileReference; lastKnownFileType = sourcecode.swift; path = QuizView.swift; sourceTree = "<group>"; };
		89F41A96294A45FF00A7BED8 /* QuizModel.swift */ = {isa = PBXFileReference; lastKnownFileType = sourcecode.swift; path = QuizModel.swift; sourceTree = "<group>"; };
		89F41A98294A464B00A7BED8 /* QuizGame.swift */ = {isa = PBXFileReference; lastKnownFileType = sourcecode.swift; path = QuizGame.swift; sourceTree = "<group>"; };
		89F41A9A294A48C300A7BED8 /* QuizGrid.swift */ = {isa = PBXFileReference; lastKnownFileType = sourcecode.swift; path = QuizGrid.swift; sourceTree = "<group>"; };
		89F41A9C294A4DEA00A7BED8 /* FinishedQuiz.swift */ = {isa = PBXFileReference; lastKnownFileType = sourcecode.swift; path = FinishedQuiz.swift; sourceTree = "<group>"; };
		89F41A9E294A4E3700A7BED8 /* QuizText.swift */ = {isa = PBXFileReference; lastKnownFileType = sourcecode.swift; path = QuizText.swift; sourceTree = "<group>"; };
/* End PBXFileReference section */

/* Begin PBXFrameworksBuildPhase section */
		89F41A3A294A2ADA00A7BED8 /* Frameworks */ = {
			isa = PBXFrameworksBuildPhase;
			buildActionMask = 2147483647;
			files = (
			);
			runOnlyForDeploymentPostprocessing = 0;
		};
/* End PBXFrameworksBuildPhase section */

/* Begin PBXGroup section */
		8934A343294ABDA7008CEACA /* ExpenseTracker */ = {
			isa = PBXGroup;
			children = (
				8934A344294ABDBE008CEACA /* Extensions.swift */,
				8934A346294ABDE8008CEACA /* StatisticsGraph.swift */,
				8934A349294ABE31008CEACA /* DynamicFilteredView.swift */,
				8934A34B294ABE5A008CEACA /* Home.swift */,
				8934A34D294ABE7C008CEACA /* ExpenseCardView.swift */,
				8934A34F294ABEE7008CEACA /* TransactionCard.swift */,
				8934A359294AC0F7008CEACA /* ExpenseViewModel.swift */,
				8934A35B294AC11B008CEACA /* LockViewModel.swift */,
				8934A351294ABF0E008CEACA /* FilterableTransactionView.swift */,
				8934A353294ABF2A008CEACA /* HistoryView.swift */,
				8934A355294ABFB5008CEACA /* MainView.swift */,
				8934A357294AC00C008CEACA /* Persistence.swift */,
			);
			path = ExpenseTracker;
			sourceTree = "<group>";
		};
		89F41A34294A2ADA00A7BED8 = {
			isa = PBXGroup;
			children = (
				89F41A3F294A2ADA00A7BED8 /* side-project-chloe */,
				89F41A3E294A2ADA00A7BED8 /* Products */,
			);
			sourceTree = "<group>";
		};
		89F41A3E294A2ADA00A7BED8 /* Products */ = {
			isa = PBXGroup;
			children = (
				89F41A3D294A2ADA00A7BED8 /* side-project-chloe.app */,
			);
			name = Products;
			sourceTree = "<group>";
		};
		89F41A3F294A2ADA00A7BED8 /* side-project-chloe */ = {
			isa = PBXGroup;
			children = (
				89F41A40294A2ADA00A7BED8 /* side_project_chloeApp.swift */,
				8934A360294ACC74008CEACA /* MyExpenses.xcdatamodeld */,
				8934A343294ABDA7008CEACA /* ExpenseTracker */,
				89F41A62294A369800A7BED8 /* Main */,
				89F41A6F294A38B300A7BED8 /* View Helpers */,
				89F41A64294A36F700A7BED8 /* Temporary Screens */,
				89F41A65294A371A00A7BED8 /* Helpers */,
				89F41A44294A2ADC00A7BED8 /* Assets.xcassets */,
				89F41AA0294A5FE500A7BED8 /* CreditScoreQuiz */,
				89F41A46294A2ADC00A7BED8 /* Preview Content */,
			);
			path = "side-project-chloe";
			sourceTree = "<group>";
		};
		89F41A46294A2ADC00A7BED8 /* Preview Content */ = {
			isa = PBXGroup;
			children = (
				89F41A47294A2ADC00A7BED8 /* Preview Assets.xcassets */,
			);
			path = "Preview Content";
			sourceTree = "<group>";
		};
		89F41A62294A369800A7BED8 /* Main */ = {
			isa = PBXGroup;
			children = (
				89F41A5C294A346400A7BED8 /* TabBar.swift */,
				89F41A54294A30BE00A7BED8 /* NavigationBar.swift */,
				89F41A42294A2ADA00A7BED8 /* ContentView.swift */,
				89F41A6A294A37EB00A7BED8 /* NotificationsView.swift */,
				89F41A66294A375900A7BED8 /* HomeView.swift */,
				8947FE52294AA2A4003F8A0C /* QuizzesView.swift */,
				89F41A68294A378E00A7BED8 /* LearnView.swift */,
				89F41A6C294A381B00A7BED8 /* ProfileView.swift */,
			);
			path = Main;
			sourceTree = "<group>";
		};
		89F41A64294A36F700A7BED8 /* Temporary Screens */ = {
			isa = PBXGroup;
			children = (
				89F41A5E294A349900A7BED8 /* AccountView.swift */,
				89F41A76294A394E00A7BED8 /* SignupView.swift */,
				89F41A60294A366500A7BED8 /* ModalView.swift */,
				89F41A78294A396E00A7BED8 /* SigninView.swift */,
			);
			path = "Temporary Screens";
			sourceTree = "<group>";
		};
		89F41A65294A371A00A7BED8 /* Helpers */ = {
			isa = PBXGroup;
			children = (
				89F41A50294A2EFF00A7BED8 /* Model.swift */,
				89F41A84294A3AF500A7BED8 /* Course.swift */,
				89F41A86294A3B4800A7BED8 /* PreferenceKey.swift */,
				89F41A88294A3B7000A7BED8 /* Animations.swift */,
				89F41A8A294A3B9700A7BED8 /* CustomFieldModifier.swift */,
				89F41A8C294A3BB900A7BED8 /* TextModifier.swift */,
				89F41A8E294A3BD700A7BED8 /* ColorExtension.swift */,
				89F41A80294A3A5D00A7BED8 /* AngularButton.swift */,
				89F41A82294A3A8D00A7BED8 /* CloseButton.swift */,
				89F41A52294A2F9E00A7BED8 /* Tab.swift */,
				89F41A58294A31EB00A7BED8 /* Avatar.swift */,
				89F41A56294A317F00A7BED8 /* AnimatableFontModifier.swift */,
				89F41A5A294A324E00A7BED8 /* Modifiers.swift */,
				89F41A92294A3C5600A7BED8 /* CourseSection.swift */,
			);
			path = Helpers;
			sourceTree = "<group>";
		};
		89F41A6F294A38B300A7BED8 /* View Helpers */ = {
			isa = PBXGroup;
			children = (
				89F41A70294A38C500A7BED8 /* CourseView.swift */,
				89F41A7A294A39C400A7BED8 /* FeaturedItem.swift */,
				8947FE54294AA3E7003F8A0C /* QuizItem.swift */,
				89F41A7C294A39F100A7BED8 /* CourseItem.swift */,
				89F41A74294A390C00A7BED8 /* SectionView.swift */,
				89F41A90294A3C2400A7BED8 /* SmallCourseItem.swift */,
			);
			path = "View Helpers";
			sourceTree = "<group>";
		};
		89F41AA0294A5FE500A7BED8 /* CreditScoreQuiz */ = {
			isa = PBXGroup;
			children = (
				89F41A94294A429400A7BED8 /* QuizView.swift */,
				89F41A96294A45FF00A7BED8 /* QuizModel.swift */,
				89F41A98294A464B00A7BED8 /* QuizGame.swift */,
				89F41A9A294A48C300A7BED8 /* QuizGrid.swift */,
				89F41A9E294A4E3700A7BED8 /* QuizText.swift */,
				89F41A9C294A4DEA00A7BED8 /* FinishedQuiz.swift */,
			);
			path = CreditScoreQuiz;
			sourceTree = "<group>";
		};
/* End PBXGroup section */

/* Begin PBXNativeTarget section */
		89F41A3C294A2ADA00A7BED8 /* side-project-chloe */ = {
			isa = PBXNativeTarget;
			buildConfigurationList = 89F41A4B294A2ADC00A7BED8 /* Build configuration list for PBXNativeTarget "side-project-chloe" */;
			buildPhases = (
				89F41A39294A2ADA00A7BED8 /* Sources */,
				89F41A3A294A2ADA00A7BED8 /* Frameworks */,
				89F41A3B294A2ADA00A7BED8 /* Resources */,
			);
			buildRules = (
			);
			dependencies = (
			);
			name = "side-project-chloe";
			productName = "side-project-chloe";
			productReference = 89F41A3D294A2ADA00A7BED8 /* side-project-chloe.app */;
			productType = "com.apple.product-type.application";
		};
/* End PBXNativeTarget section */

/* Begin PBXProject section */
		89F41A35294A2ADA00A7BED8 /* Project object */ = {
			isa = PBXProject;
			attributes = {
				BuildIndependentTargetsInParallel = 1;
				LastSwiftUpdateCheck = 1340;
				LastUpgradeCheck = 1340;
				TargetAttributes = {
					89F41A3C294A2ADA00A7BED8 = {
						CreatedOnToolsVersion = 13.4.1;
					};
				};
			};
			buildConfigurationList = 89F41A38294A2ADA00A7BED8 /* Build configuration list for PBXProject "side-project-chloe" */;
			compatibilityVersion = "Xcode 13.0";
			developmentRegion = en;
			hasScannedForEncodings = 0;
			knownRegions = (
				en,
				Base,
			);
			mainGroup = 89F41A34294A2ADA00A7BED8;
			productRefGroup = 89F41A3E294A2ADA00A7BED8 /* Products */;
			projectDirPath = "";
			projectRoot = "";
			targets = (
				89F41A3C294A2ADA00A7BED8 /* side-project-chloe */,
			);
		};
/* End PBXProject section */

/* Begin PBXResourcesBuildPhase section */
		89F41A3B294A2ADA00A7BED8 /* Resources */ = {
			isa = PBXResourcesBuildPhase;
			buildActionMask = 2147483647;
			files = (
				89F41A48294A2ADC00A7BED8 /* Preview Assets.xcassets in Resources */,
				89F41A45294A2ADC00A7BED8 /* Assets.xcassets in Resources */,
			);
			runOnlyForDeploymentPostprocessing = 0;
		};
/* End PBXResourcesBuildPhase section */

/* Begin PBXSourcesBuildPhase section */
		89F41A39294A2ADA00A7BED8 /* Sources */ = {
			isa = PBXSourcesBuildPhase;
			buildActionMask = 2147483647;
			files = (
				89F41A85294A3AF500A7BED8 /* Course.swift in Sources */,
				8934A34E294ABE7C008CEACA /* ExpenseCardView.swift in Sources */,
				89F41A77294A394E00A7BED8 /* SignupView.swift in Sources */,
				89F41A61294A366500A7BED8 /* ModalView.swift in Sources */,
				89F41A79294A396E00A7BED8 /* SigninView.swift in Sources */,
				89F41A81294A3A5D00A7BED8 /* AngularButton.swift in Sources */,
				89F41A89294A3B7000A7BED8 /* Animations.swift in Sources */,
				8934A354294ABF2A008CEACA /* HistoryView.swift in Sources */,
				8934A352294ABF0E008CEACA /* FilterableTransactionView.swift in Sources */,
				89F41A5D294A346400A7BED8 /* TabBar.swift in Sources */,
				89F41A75294A390C00A7BED8 /* SectionView.swift in Sources */,
				89F41A91294A3C2400A7BED8 /* SmallCourseItem.swift in Sources */,
				89F41A9B294A48C300A7BED8 /* QuizGrid.swift in Sources */,
				89F41A55294A30BE00A7BED8 /* NavigationBar.swift in Sources */,
				89F41A51294A2EFF00A7BED8 /* Model.swift in Sources */,
				89F41A99294A464B00A7BED8 /* QuizGame.swift in Sources */,
				89F41A8D294A3BB900A7BED8 /* TextModifier.swift in Sources */,
				89F41A43294A2ADA00A7BED8 /* ContentView.swift in Sources */,
				89F41A5F294A349900A7BED8 /* AccountView.swift in Sources */,
				89F41A95294A429400A7BED8 /* QuizView.swift in Sources */,
				89F41A9F294A4E3700A7BED8 /* QuizText.swift in Sources */,
				8934A345294ABDBE008CEACA /* Extensions.swift in Sources */,
				89F41A41294A2ADA00A7BED8 /* side_project_chloeApp.swift in Sources */,
				89F41A7B294A39C400A7BED8 /* FeaturedItem.swift in Sources */,
				89F41A97294A45FF00A7BED8 /* QuizModel.swift in Sources */,
				89F41A71294A38C500A7BED8 /* CourseView.swift in Sources */,
				8934A35A294AC0F7008CEACA /* ExpenseViewModel.swift in Sources */,
				8934A356294ABFB5008CEACA /* MainView.swift in Sources */,
				89F41A83294A3A8D00A7BED8 /* CloseButton.swift in Sources */,
				89F41A6D294A381B00A7BED8 /* ProfileView.swift in Sources */,
				89F41A87294A3B4800A7BED8 /* PreferenceKey.swift in Sources */,
				89F41A9D294A4DEA00A7BED8 /* FinishedQuiz.swift in Sources */,
				8934A358294AC00C008CEACA /* Persistence.swift in Sources */,
				8934A347294ABDE8008CEACA /* StatisticsGraph.swift in Sources */,
				8934A34A294ABE31008CEACA /* DynamicFilteredView.swift in Sources */,
				8934A350294ABEE7008CEACA /* TransactionCard.swift in Sources */,
				89F41A69294A378E00A7BED8 /* LearnView.swift in Sources */,
				89F41A5B294A324E00A7BED8 /* Modifiers.swift in Sources */,
				89F41A59294A31EB00A7BED8 /* Avatar.swift in Sources */,
				8947FE55294AA3E7003F8A0C /* QuizItem.swift in Sources */,
				8934A34C294ABE5A008CEACA /* Home.swift in Sources */,
				89F41A8F294A3BD700A7BED8 /* ColorExtension.swift in Sources */,
				8947FE53294AA2A4003F8A0C /* QuizzesView.swift in Sources */,
				89F41A67294A375900A7BED8 /* HomeView.swift in Sources */,
				8934A362294ACC74008CEACA /* MyExpenses.xcdatamodeld in Sources */,
				8934A35C294AC11B008CEACA /* LockViewModel.swift in Sources */,
				89F41A53294A2F9E00A7BED8 /* Tab.swift in Sources */,
				89F41A93294A3C5600A7BED8 /* CourseSection.swift in Sources */,
				89F41A57294A317F00A7BED8 /* AnimatableFontModifier.swift in Sources */,
				89F41A6B294A37EB00A7BED8 /* NotificationsView.swift in Sources */,
				89F41A7D294A39F100A7BED8 /* CourseItem.swift in Sources */,
				89F41A8B294A3B9700A7BED8 /* CustomFieldModifier.swift in Sources */,
			);
			runOnlyForDeploymentPostprocessing = 0;
		};
/* End PBXSourcesBuildPhase section */

/* Begin XCBuildConfiguration section */
		89F41A49294A2ADC00A7BED8 /* Debug */ = {
			isa = XCBuildConfiguration;
			buildSettings = {
				ALWAYS_SEARCH_USER_PATHS = NO;
				CLANG_ANALYZER_NONNULL = YES;
				CLANG_ANALYZER_NUMBER_OBJECT_CONVERSION = YES_AGGRESSIVE;
				CLANG_CXX_LANGUAGE_STANDARD = "gnu++17";
				CLANG_ENABLE_MODULES = YES;
				CLANG_ENABLE_OBJC_ARC = YES;
				CLANG_ENABLE_OBJC_WEAK = YES;
				CLANG_WARN_BLOCK_CAPTURE_AUTORELEASING = YES;
				CLANG_WARN_BOOL_CONVERSION = YES;
				CLANG_WARN_COMMA = YES;
				CLANG_WARN_CONSTANT_CONVERSION = YES;
				CLANG_WARN_DEPRECATED_OBJC_IMPLEMENTATIONS = YES;
				CLANG_WARN_DIRECT_OBJC_ISA_USAGE = YES_ERROR;
				CLANG_WARN_DOCUMENTATION_COMMENTS = YES;
				CLANG_WARN_EMPTY_BODY = YES;
				CLANG_WARN_ENUM_CONVERSION = YES;
				CLANG_WARN_INFINITE_RECURSION = YES;
				CLANG_WARN_INT_CONVERSION = YES;
				CLANG_WARN_NON_LITERAL_NULL_CONVERSION = YES;
				CLANG_WARN_OBJC_IMPLICIT_RETAIN_SELF = YES;
				CLANG_WARN_OBJC_LITERAL_CONVERSION = YES;
				CLANG_WARN_OBJC_ROOT_CLASS = YES_ERROR;
				CLANG_WARN_QUOTED_INCLUDE_IN_FRAMEWORK_HEADER = YES;
				CLANG_WARN_RANGE_LOOP_ANALYSIS = YES;
				CLANG_WARN_STRICT_PROTOTYPES = YES;
				CLANG_WARN_SUSPICIOUS_MOVE = YES;
				CLANG_WARN_UNGUARDED_AVAILABILITY = YES_AGGRESSIVE;
				CLANG_WARN_UNREACHABLE_CODE = YES;
				CLANG_WARN__DUPLICATE_METHOD_MATCH = YES;
				COPY_PHASE_STRIP = NO;
				DEBUG_INFORMATION_FORMAT = dwarf;
				ENABLE_STRICT_OBJC_MSGSEND = YES;
				ENABLE_TESTABILITY = YES;
				GCC_C_LANGUAGE_STANDARD = gnu11;
				GCC_DYNAMIC_NO_PIC = NO;
				GCC_NO_COMMON_BLOCKS = YES;
				GCC_OPTIMIZATION_LEVEL = 0;
				GCC_PREPROCESSOR_DEFINITIONS = (
					"DEBUG=1",
					"$(inherited)",
				);
				GCC_WARN_64_TO_32_BIT_CONVERSION = YES;
				GCC_WARN_ABOUT_RETURN_TYPE = YES_ERROR;
				GCC_WARN_UNDECLARED_SELECTOR = YES;
				GCC_WARN_UNINITIALIZED_AUTOS = YES_AGGRESSIVE;
				GCC_WARN_UNUSED_FUNCTION = YES;
				GCC_WARN_UNUSED_VARIABLE = YES;
				IPHONEOS_DEPLOYMENT_TARGET = 15.5;
				MTL_ENABLE_DEBUG_INFO = INCLUDE_SOURCE;
				MTL_FAST_MATH = YES;
				ONLY_ACTIVE_ARCH = YES;
				SDKROOT = iphoneos;
				SWIFT_ACTIVE_COMPILATION_CONDITIONS = DEBUG;
				SWIFT_OPTIMIZATION_LEVEL = "-Onone";
			};
			name = Debug;
		};
		89F41A4A294A2ADC00A7BED8 /* Release */ = {
			isa = XCBuildConfiguration;
			buildSettings = {
				ALWAYS_SEARCH_USER_PATHS = NO;
				CLANG_ANALYZER_NONNULL = YES;
				CLANG_ANALYZER_NUMBER_OBJECT_CONVERSION = YES_AGGRESSIVE;
				CLANG_CXX_LANGUAGE_STANDARD = "gnu++17";
				CLANG_ENABLE_MODULES = YES;
				CLANG_ENABLE_OBJC_ARC = YES;
				CLANG_ENABLE_OBJC_WEAK = YES;
				CLANG_WARN_BLOCK_CAPTURE_AUTORELEASING = YES;
				CLANG_WARN_BOOL_CONVERSION = YES;
				CLANG_WARN_COMMA = YES;
				CLANG_WARN_CONSTANT_CONVERSION = YES;
				CLANG_WARN_DEPRECATED_OBJC_IMPLEMENTATIONS = YES;
				CLANG_WARN_DIRECT_OBJC_ISA_USAGE = YES_ERROR;
				CLANG_WARN_DOCUMENTATION_COMMENTS = YES;
				CLANG_WARN_EMPTY_BODY = YES;
				CLANG_WARN_ENUM_CONVERSION = YES;
				CLANG_WARN_INFINITE_RECURSION = YES;
				CLANG_WARN_INT_CONVERSION = YES;
				CLANG_WARN_NON_LITERAL_NULL_CONVERSION = YES;
				CLANG_WARN_OBJC_IMPLICIT_RETAIN_SELF = YES;
				CLANG_WARN_OBJC_LITERAL_CONVERSION = YES;
				CLANG_WARN_OBJC_ROOT_CLASS = YES_ERROR;
				CLANG_WARN_QUOTED_INCLUDE_IN_FRAMEWORK_HEADER = YES;
				CLANG_WARN_RANGE_LOOP_ANALYSIS = YES;
				CLANG_WARN_STRICT_PROTOTYPES = YES;
				CLANG_WARN_SUSPICIOUS_MOVE = YES;
				CLANG_WARN_UNGUARDED_AVAILABILITY = YES_AGGRESSIVE;
				CLANG_WARN_UNREACHABLE_CODE = YES;
				CLANG_WARN__DUPLICATE_METHOD_MATCH = YES;
				COPY_PHASE_STRIP = NO;
				DEBUG_INFORMATION_FORMAT = "dwarf-with-dsym";
				ENABLE_NS_ASSERTIONS = NO;
				ENABLE_STRICT_OBJC_MSGSEND = YES;
				GCC_C_LANGUAGE_STANDARD = gnu11;
				GCC_NO_COMMON_BLOCKS = YES;
				GCC_WARN_64_TO_32_BIT_CONVERSION = YES;
				GCC_WARN_ABOUT_RETURN_TYPE = YES_ERROR;
				GCC_WARN_UNDECLARED_SELECTOR = YES;
				GCC_WARN_UNINITIALIZED_AUTOS = YES_AGGRESSIVE;
				GCC_WARN_UNUSED_FUNCTION = YES;
				GCC_WARN_UNUSED_VARIABLE = YES;
				IPHONEOS_DEPLOYMENT_TARGET = 15.5;
				MTL_ENABLE_DEBUG_INFO = NO;
				MTL_FAST_MATH = YES;
				SDKROOT = iphoneos;
				SWIFT_COMPILATION_MODE = wholemodule;
				SWIFT_OPTIMIZATION_LEVEL = "-O";
				VALIDATE_PRODUCT = YES;
			};
			name = Release;
		};
		89F41A4C294A2ADC00A7BED8 /* Debug */ = {
			isa = XCBuildConfiguration;
			buildSettings = {
				ASSETCATALOG_COMPILER_APPICON_NAME = AppIcon;
				ASSETCATALOG_COMPILER_GLOBAL_ACCENT_COLOR_NAME = AccentColor;
				CODE_SIGN_STYLE = Automatic;
				CURRENT_PROJECT_VERSION = 1;
				DEVELOPMENT_ASSET_PATHS = "\"side-project-chloe/Preview Content\"";
				ENABLE_PREVIEWS = YES;
				GENERATE_INFOPLIST_FILE = YES;
				INFOPLIST_KEY_UIApplicationSceneManifest_Generation = YES;
				INFOPLIST_KEY_UIApplicationSupportsIndirectInputEvents = YES;
				INFOPLIST_KEY_UILaunchScreen_Generation = YES;
				INFOPLIST_KEY_UISupportedInterfaceOrientations_iPad = "UIInterfaceOrientationPortrait UIInterfaceOrientationPortraitUpsideDown UIInterfaceOrientationLandscapeLeft UIInterfaceOrientationLandscapeRight";
				INFOPLIST_KEY_UISupportedInterfaceOrientations_iPhone = "UIInterfaceOrientationPortrait UIInterfaceOrientationLandscapeLeft UIInterfaceOrientationLandscapeRight";
				LD_RUNPATH_SEARCH_PATHS = (
					"$(inherited)",
					"@executable_path/Frameworks",
				);
				MARKETING_VERSION = 1.0;
				PRODUCT_BUNDLE_IDENTIFIER = "chloechin.side-project-chloe";
				PRODUCT_NAME = "$(TARGET_NAME)";
				SWIFT_EMIT_LOC_STRINGS = YES;
				SWIFT_VERSION = 5.0;
				TARGETED_DEVICE_FAMILY = "1,2";
			};
			name = Debug;
		};
		89F41A4D294A2ADC00A7BED8 /* Release */ = {
			isa = XCBuildConfiguration;
			buildSettings = {
				ASSETCATALOG_COMPILER_APPICON_NAME = AppIcon;
				ASSETCATALOG_COMPILER_GLOBAL_ACCENT_COLOR_NAME = AccentColor;
				CODE_SIGN_STYLE = Automatic;
				CURRENT_PROJECT_VERSION = 1;
				DEVELOPMENT_ASSET_PATHS = "\"side-project-chloe/Preview Content\"";
				ENABLE_PREVIEWS = YES;
				GENERATE_INFOPLIST_FILE = YES;
				INFOPLIST_KEY_UIApplicationSceneManifest_Generation = YES;
				INFOPLIST_KEY_UIApplicationSupportsIndirectInputEvents = YES;
				INFOPLIST_KEY_UILaunchScreen_Generation = YES;
				INFOPLIST_KEY_UISupportedInterfaceOrientations_iPad = "UIInterfaceOrientationPortrait UIInterfaceOrientationPortraitUpsideDown UIInterfaceOrientationLandscapeLeft UIInterfaceOrientationLandscapeRight";
				INFOPLIST_KEY_UISupportedInterfaceOrientations_iPhone = "UIInterfaceOrientationPortrait UIInterfaceOrientationLandscapeLeft UIInterfaceOrientationLandscapeRight";
				LD_RUNPATH_SEARCH_PATHS = (
					"$(inherited)",
					"@executable_path/Frameworks",
				);
				MARKETING_VERSION = 1.0;
				PRODUCT_BUNDLE_IDENTIFIER = "chloechin.side-project-chloe";
				PRODUCT_NAME = "$(TARGET_NAME)";
				SWIFT_EMIT_LOC_STRINGS = YES;
				SWIFT_VERSION = 5.0;
				TARGETED_DEVICE_FAMILY = "1,2";
			};
			name = Release;
		};
/* End XCBuildConfiguration section */

/* Begin XCConfigurationList section */
		89F41A38294A2ADA00A7BED8 /* Build configuration list for PBXProject "side-project-chloe" */ = {
			isa = XCConfigurationList;
			buildConfigurations = (
				89F41A49294A2ADC00A7BED8 /* Debug */,
				89F41A4A294A2ADC00A7BED8 /* Release */,
			);
			defaultConfigurationIsVisible = 0;
			defaultConfigurationName = Release;
		};
		89F41A4B294A2ADC00A7BED8 /* Build configuration list for PBXNativeTarget "side-project-chloe" */ = {
			isa = XCConfigurationList;
			buildConfigurations = (
				89F41A4C294A2ADC00A7BED8 /* Debug */,
				89F41A4D294A2ADC00A7BED8 /* Release */,
			);
			defaultConfigurationIsVisible = 0;
			defaultConfigurationName = Release;
		};
/* End XCConfigurationList section */

/* Begin XCVersionGroup section */
		8934A360294ACC74008CEACA /* MyExpenses.xcdatamodeld */ = {
			isa = XCVersionGroup;
			children = (
				8934A361294ACC74008CEACA /* MyExpenses.xcdatamodel */,
			);
			currentVersion = 8934A361294ACC74008CEACA /* MyExpenses.xcdatamodel */;
			path = MyExpenses.xcdatamodeld;
			sourceTree = "<group>";
			versionGroupType = wrapper.xcdatamodel;
		};
/* End XCVersionGroup section */
	};
	rootObject = 89F41A35294A2ADA00A7BED8 /* Project object */;
}
